
Microsoft Visual Studio Solution File, Format Version 12.00
# Visual Studio 2012
Project("{FAE04EC0-301F-11D3-BF4B-00C04F79EFBC}") = "SSRSTest", "SSRSTest.csproj", "{9F0F0B72-7552-4E3B-8225-6B39662B1C16}"
EndProject
Global
	GlobalSection(SolutionConfigurationPlatforms) = preSolution
		Debug|Any CPU = Debug|Any CPU
		Debug|x86 = Debug|x86
		DEV|Any CPU = DEV|Any CPU
		DEV|x86 = DEV|x86
		Release|Any CPU = Release|Any CPU
		Release|x86 = Release|x86
		SIT|Any CPU = SIT|Any CPU
		SIT|x86 = SIT|x86
	EndGlobalSection
	GlobalSection(ProjectConfigurationPlatforms) = postSolution
		{9F0F0B72-7552-4E3B-8225-6B39662B1C16}.Debug|Any CPU.ActiveCfg = DEV|Any CPU
		{9F0F0B72-7552-4E3B-8225-6B39662B1C16}.Debug|Any CPU.Build.0 = DEV|Any CPU
		{9F0F0B72-7552-4E3B-8225-6B39662B1C16}.Debug|x86.ActiveCfg = Debug|x86
		{9F0F0B72-7552-4E3B-8225-6B39662B1C16}.Debug|x86.Build.0 = Debug|x86
		{9F0F0B72-7552-4E3B-8225-6B39662B1C16}.DEV|Any CPU.ActiveCfg = DEV|Any CPU
		{9F0F0B72-7552-4E3B-8225-6B39662B1C16}.DEV|Any CPU.Build.0 = DEV|Any CPU
		{9F0F0B72-7552-4E3B-8225-6B39662B1C16}.DEV|x86.ActiveCfg = DEV|Any CPU
		{9F0F0B72-7552-4E3B-8225-6B39662B1C16}.DEV|x86.Build.0 = DEV|Any CPU
		{9F0F0B72-7552-4E3B-8225-6B39662B1C16}.Release|Any CPU.ActiveCfg = Release|Any CPU
		{9F0F0B72-7552-4E3B-8225-6B39662B1C16}.Release|Any CPU.Build.0 = Release|Any CPU
		{9F0F0B72-7552-4E3B-8225-6B39662B1C16}.Release|x86.ActiveCfg = Release|x86
		{9F0F0B72-7552-4E3B-8225-6B39662B1C16}.Release|x86.Build.0 = Release|x86
		{9F0F0B72-7552-4E3B-8225-6B39662B1C16}.SIT|Any CPU.ActiveCfg = SIT|Any CPU
		{9F0F0B72-7552-4E3B-8225-6B39662B1C16}.SIT|Any CPU.Build.0 = SIT|Any CPU
		{9F0F0B72-7552-4E3B-8225-6B39662B1C16}.SIT|x86.ActiveCfg = SIT|Any CPU
		{9F0F0B72-7552-4E3B-8225-6B39662B1C16}.SIT|x86.Build.0 = SIT|Any CPU
	EndGlobalSection
	GlobalSection(SolutionProperties) = preSolution
		HideSolutionNode = FALSE
	EndGlobalSection
EndGlobal
